
Microsoft Visual Studio Solution File, Format Version 12.00
# Visual Studio Version 17
VisualStudioVersion = 17.7.34031.279
MinimumVisualStudioVersion = 10.0.40219.1
Project("{FAE04EC0-301F-11D3-BF4B-00C04F79EFBC}") = "SomerenService", "SomerenService\SomerenService.csproj", "{1713FC15-9301-4BAE-857C-ECF3E670ABD4}"
EndProject
Project("{FAE04EC0-301F-11D3-BF4B-00C04F79EFBC}") = "SomerenModel", "SomerenModel\SomerenModel.csproj", "{B2A8940B-D63A-489B-8E6F-077BAC78D86D}"
EndProject
Project("{FAE04EC0-301F-11D3-BF4B-00C04F79EFBC}") = "SomerenDAL", "SomerenDAL\SomerenDAL.csproj", "{C98BF9DF-CD0A-4BE8-985A-92A2BC8E557E}"
EndProject
Project("{FAE04EC0-301F-11D3-BF4B-00C04F79EFBC}") = "SomerenUI", "SomerenUI\SomerenUI.csproj", "{D87E779D-FCDC-47A7-B9B1-5D7366DA6D05}"
EndProject
Global
	GlobalSection(SolutionConfigurationPlatforms) = preSolution
		Debug|Any CPU = Debug|Any CPU
		Release|Any CPU = Release|Any CPU
	EndGlobalSection
	GlobalSection(ProjectConfigurationPlatforms) = postSolution
		{1713FC15-9301-4BAE-857C-ECF3E670ABD4}.Debug|Any CPU.ActiveCfg = Debug|Any CPU
		{1713FC15-9301-4BAE-857C-ECF3E670ABD4}.Debug|Any CPU.Build.0 = Debug|Any CPU
		{1713FC15-9301-4BAE-857C-ECF3E670ABD4}.Release|Any CPU.ActiveCfg = Release|Any CPU
		{1713FC15-9301-4BAE-857C-ECF3E670ABD4}.Release|Any CPU.Build.0 = Release|Any CPU
		{B2A8940B-D63A-489B-8E6F-077BAC78D86D}.Debug|Any CPU.ActiveCfg = Debug|Any CPU
		{B2A8940B-D63A-489B-8E6F-077BAC78D86D}.Debug|Any CPU.Build.0 = Debug|Any CPU
		{B2A8940B-D63A-489B-8E6F-077BAC78D86D}.Release|Any CPU.ActiveCfg = Release|Any CPU
		{B2A8940B-D63A-489B-8E6F-077BAC78D86D}.Release|Any CPU.Build.0 = Release|Any CPU
		{C98BF9DF-CD0A-4BE8-985A-92A2BC8E557E}.Debug|Any CPU.ActiveCfg = Debug|Any CPU
		{C98BF9DF-CD0A-4BE8-985A-92A2BC8E557E}.Debug|Any CPU.Build.0 = Debug|Any CPU
		{C98BF9DF-CD0A-4BE8-985A-92A2BC8E557E}.Release|Any CPU.ActiveCfg = Release|Any CPU
		{C98BF9DF-CD0A-4BE8-985A-92A2BC8E557E}.Release|Any CPU.Build.0 = Release|Any CPU
		{D87E779D-FCDC-47A7-B9B1-5D7366DA6D05}.Debug|Any CPU.ActiveCfg = Debug|Any CPU
		{D87E779D-FCDC-47A7-B9B1-5D7366DA6D05}.Debug|Any CPU.Build.0 = Debug|Any CPU
		{D87E779D-FCDC-47A7-B9B1-5D7366DA6D05}.Release|Any CPU.ActiveCfg = Release|Any CPU
		{D87E779D-FCDC-47A7-B9B1-5D7366DA6D05}.Release|Any CPU.Build.0 = Release|Any CPU
	EndGlobalSection
	GlobalSection(SolutionProperties) = preSolution
		HideSolutionNode = FALSE
	EndGlobalSection
	GlobalSection(ExtensibilityGlobals) = postSolution
		SolutionGuid = {BA864DE5-B8CB-4B54-B0E3-6C95AA0A032E}
	EndGlobalSection
EndGlobal
